
Microsoft Visual Studio Solution File, Format Version 12.00
# Visual Studio Version 17
VisualStudioVersion = 17.0.32126.317
MinimumVisualStudioVersion = 10.0.40219.1
Project("{2150E333-8FDC-42A3-9474-1A3956D46DE8}") = "Course Management", "Course Management", "{BC7E7C56-8612-4211-A8E6-AC6F948EB230}"
EndProject
Project("{2150E333-8FDC-42A3-9474-1A3956D46DE8}") = "Learning", "Learning", "{24F21F7A-E161-47EE-8B95-70B269BF9E04}"
EndProject
Project("{2150E333-8FDC-42A3-9474-1A3956D46DE8}") = "Shared", "Shared", "{8F9B2643-75C3-40C1-BE5A-DF826C8B16F3}"
EndProject
Project("{2150E333-8FDC-42A3-9474-1A3956D46DE8}") = "Presentation", "Presentation", "{005B1AEC-1AE0-4810-B78F-031504BB0E87}"
EndProject
Project("{2150E333-8FDC-42A3-9474-1A3956D46DE8}") = "Core", "Core", "{8D6B628B-2B5E-4C70-A3B8-085F6FA8D4BB}"
EndProject
Project("{2150E333-8FDC-42A3-9474-1A3956D46DE8}") = "Infrastructure", "Infrastructure", "{747D5EED-6A8A-4795-BE50-AA7A314A385C}"
EndProject
Project("{2150E333-8FDC-42A3-9474-1A3956D46DE8}") = "Core", "Core", "{4D0CEC13-BF77-4AF9-9C32-D7C7A9441D05}"
EndProject
Project("{2150E333-8FDC-42A3-9474-1A3956D46DE8}") = "Presentation", "Presentation", "{3DD225DB-B267-4C46-BAFB-F1192713BF94}"
EndProject
Project("{2150E333-8FDC-42A3-9474-1A3956D46DE8}") = "Tests", "Tests", "{2FC3F83E-2626-48D4-922C-45BC9FC6374B}"
EndProject
Project("{2150E333-8FDC-42A3-9474-1A3956D46DE8}") = "Infrastructure", "Infrastructure", "{F6BC53A8-BAEF-4F22-98F5-B49AD58E65DD}"
EndProject
Project("{2150E333-8FDC-42A3-9474-1A3956D46DE8}") = "Resources", "Resources", "{B1940E31-598C-4B37-B7EE-626316C8E25F}"
EndProject
Project("{2150E333-8FDC-42A3-9474-1A3956D46DE8}") = "Core", "Core", "{263C9E93-476D-42C2-B154-150FB6D107F3}"
EndProject
Project("{9A19103F-16F7-4668-BE54-9A1E7A4F7556}") = "Resources.Domain", "SolenLmsApp\Api\Resources\Src\Core\Domain\Resources.Domain.csproj", "{B3644B70-0920-4DAA-9622-386B04FA2E2A}"
EndProject
Project("{2150E333-8FDC-42A3-9474-1A3956D46DE8}") = "Infrastructure", "Infrastructure", "{95957B00-7C5C-4B3B-9305-D1D90EDA9D0E}"
EndProject
Project("{9A19103F-16F7-4668-BE54-9A1E7A4F7556}") = "Resources.Infrastructure", "SolenLmsApp\Api\Resources\Src\Infrastructure\Resources.Infrastructure.csproj", "{D39ADBBD-6A95-403D-890F-91CCB67AE0B1}"
EndProject
Project("{9A19103F-16F7-4668-BE54-9A1E7A4F7556}") = "Resources.UseCases", "SolenLmsApp\Api\Resources\Src\Core\UseCases\Resources.UseCases.csproj", "{7ED19B24-DEF5-4F71-9DA0-69B5295A9E8B}"
EndProject
Project("{2150E333-8FDC-42A3-9474-1A3956D46DE8}") = "Presentation", "Presentation", "{7BCDF1AF-F6DF-478F-8B33-288111B9754D}"
EndProject
Project("{9A19103F-16F7-4668-BE54-9A1E7A4F7556}") = "Resources.WebApi", "SolenLmsApp\Api\Resources\Src\Presentation\WebApi\Resources.WebApi.csproj", "{10BE82C8-C359-453F-86F6-9A572FC88FCC}"
EndProject
Project("{2150E333-8FDC-42A3-9474-1A3956D46DE8}") = "Tests", "Tests", "{AB95C982-81D7-4A2A-9047-C6AF817CF587}"
EndProject
Project("{9A19103F-16F7-4668-BE54-9A1E7A4F7556}") = "Shared.Tests", "SolenLmsApp\Api\Shared\Tests\Shared.Tests.csproj", "{6E965132-3975-4500-AFEC-31252DFF2EC6}"
EndProject
Project("{9A19103F-16F7-4668-BE54-9A1E7A4F7556}") = "Shared.Core", "SolenLmsApp\Api\Shared\Core\Shared.Core.csproj", "{71F8D27F-709C-4642-8B18-437C15035C4F}"
EndProject
Project("{9A19103F-16F7-4668-BE54-9A1E7A4F7556}") = "Shared.Infrastructure", "SolenLmsApp\Api\Shared\Infrastructure\Shared.Infrastructure.csproj", "{0BDC46F0-86B3-4063-868B-3DA85F48FE02}"
EndProject
Project("{2150E333-8FDC-42A3-9474-1A3956D46DE8}") = "Core", "Core", "{C9F3642D-1451-46D5-B183-03CD5313BB6E}"
EndProject
Project("{2150E333-8FDC-42A3-9474-1A3956D46DE8}") = "Infrastructure", "Infrastructure", "{940BFC3E-F46A-497A-A086-7C6E531F5F50}"
EndProject
Project("{2150E333-8FDC-42A3-9474-1A3956D46DE8}") = "Presentation", "Presentation", "{E327233E-6390-4A4D-8EAC-AE73214DDF69}"
EndProject
Project("{2150E333-8FDC-42A3-9474-1A3956D46DE8}") = "Tests", "Tests", "{1F519A8F-9CC0-48D6-973B-E21DB19C2279}"
EndProject
Project("{9A19103F-16F7-4668-BE54-9A1E7A4F7556}") = "WebApi.Startup", "SolenLmsApp\Api\Startup\WebApi\WebApi.Startup.csproj", "{D8174170-DC45-46BE-8D0A-51A7B35F1744}"
EndProject
Project("{9A19103F-16F7-4668-BE54-9A1E7A4F7556}") = "Shared.WebApi", "SolenLmsApp\Api\Shared\Presentation\WebApi\Shared.WebApi.csproj", "{390BC7E6-6437-4EC5-B423-AF0B1C4BA98E}"
EndProject
Project("{2150E333-8FDC-42A3-9474-1A3956D46DE8}") = "01. Api", "01. Api", "{3B6D50F4-C121-4C0B-A455-7AF5F554D5F6}"
EndProject
Project("{2150E333-8FDC-42A3-9474-1A3956D46DE8}") = "02. WebClient", "02. WebClient", "{F22DB89D-E00B-467F-8D8B-95BA8D277E22}"
EndProject
Project("{9A19103F-16F7-4668-BE54-9A1E7A4F7556}") = "WebClient.Startup", "SolenLmsApp\WebClient\Server\WebClient.Startup.csproj", "{08C23273-B1F8-4E31-B423-4EE6B7A68403}"
EndProject
Project("{9A19103F-16F7-4668-BE54-9A1E7A4F7556}") = "WebClient", "SolenLmsApp\WebClient\Client\WebClient.csproj", "{6847D268-1E96-4F9F-811A-DD301844D89E}"
EndProject
Project("{2150E333-8FDC-42A3-9474-1A3956D46DE8}") = "03. IdentityProvider", "03. IdentityProvider", "{CBAD2155-3C82-4ABA-AA36-655DC75DC253}"
EndProject
Project("{9A19103F-16F7-4668-BE54-9A1E7A4F7556}") = "IdentityProvider.Core", "IdentityProvider\Src\Core\IdentityProvider.Core.csproj", "{C978B023-9BCB-4E71-A5AA-2C2675A3A817}"
EndProject
Project("{9A19103F-16F7-4668-BE54-9A1E7A4F7556}") = "IdentityProvider.Infrastructure", "IdentityProvider\Src\Infrastructure\IdentityProvider.Infrastructure.csproj", "{C8FBD85D-22F9-4684-B7CF-8E0CF745CD0A}"
EndProject
Project("{9A19103F-16F7-4668-BE54-9A1E7A4F7556}") = "IdentityProvider.Startup", "IdentityProvider\Src\Presentation\Web\IdentityProvider.Startup.csproj", "{2AA83E1F-F33D-4CF6-A03B-AD809897203A}"
EndProject
Project("{9A19103F-16F7-4668-BE54-9A1E7A4F7556}") = "Learning.UseCases", "SolenLmsApp\Api\Learning\Src\Core\UseCases\Learning.UseCases.csproj", "{1807D0EF-9220-489D-A178-411A83E7ADFD}"
EndProject
Project("{9A19103F-16F7-4668-BE54-9A1E7A4F7556}") = "Learning.Infrastructure", "SolenLmsApp\Api\Learning\Src\Infrastructure\Learning.Infrastructure.csproj", "{FB124517-10CB-4F8B-8103-6BA87CAFC299}"
EndProject
Project("{9A19103F-16F7-4668-BE54-9A1E7A4F7556}") = "Learning.WebApi", "SolenLmsApp\Api\Learning\Src\Presentation\WebApi\Learning.WebApi.csproj", "{97E1CE4D-AC0F-4043-90F7-6A7D759E1B9F}"
EndProject
Project("{9A19103F-16F7-4668-BE54-9A1E7A4F7556}") = "Learning.Tests", "SolenLmsApp\Api\Learning\Tests\Learning.Tests.csproj", "{7B892557-2DE5-4E25-806F-4B77F41AFE2B}"
EndProject
Project("{9A19103F-16F7-4668-BE54-9A1E7A4F7556}") = "Learning.Domain", "SolenLmsApp\Api\Learning\Src\Core\Domain\Learning.Domain.csproj", "{BB212885-EB16-41B0-B77A-514935384836}"
EndProject
Project("{9A19103F-16F7-4668-BE54-9A1E7A4F7556}") = "IdentityProvider.WebApi", "IdentityProvider\Src\Presentation\WebApi\IdentityProvider.WebApi.csproj", "{79E94EA8-D9A4-4FEB-B6E4-5524315AE9CD}"
EndProject
Project("{2150E333-8FDC-42A3-9474-1A3956D46DE8}") = "Core", "Core", "{2BECF94B-4C3B-4A78-B387-1822796B8306}"
EndProject
Project("{2150E333-8FDC-42A3-9474-1A3956D46DE8}") = "Infrastructure", "Infrastructure", "{E0241BB0-B36F-43C5-9B02-626C75AE8DB4}"
EndProject
Project("{2150E333-8FDC-42A3-9474-1A3956D46DE8}") = "Presentation", "Presentation", "{3D0BC0C0-D542-4883-8298-B902E1B2F256}"
EndProject
Project("{9A19103F-16F7-4668-BE54-9A1E7A4F7556}") = "CourseManagement.Domain", "SolenLmsApp\Api\CourseManagement\Src\Core\Domain\CourseManagement.Domain.csproj", "{0BBC9F4C-32F2-40B7-B8FC-131DB5D0877C}"
EndProject
Project("{9A19103F-16F7-4668-BE54-9A1E7A4F7556}") = "CourseManagement.UseCases", "SolenLmsApp\Api\CourseManagement\Src\Core\UseCases\CourseManagement.UseCases.csproj", "{5A507BB4-8A5A-460B-B0D3-2EE23B8ACE72}"
EndProject
Project("{9A19103F-16F7-4668-BE54-9A1E7A4F7556}") = "CourseManagement.Infrastructure", "SolenLmsApp\Api\CourseManagement\Src\Infrastructure\CourseManagement.Infrastructure.csproj", "{EF364FF4-5867-4EB5-B0BA-CC65115EC9CC}"
EndProject
Project("{9A19103F-16F7-4668-BE54-9A1E7A4F7556}") = "CourseManagement.WebApi", "SolenLmsApp\Api\CourseManagement\Src\Presentation\WebApi\CourseManagement.WebApi.csproj", "{F5A56C32-C9BD-40DD-A377-721C61ED7D7B}"
EndProject
Project("{9A19103F-16F7-4668-BE54-9A1E7A4F7556}") = "CourseManagement.Tests", "SolenLmsApp\Api\CourseManagement\Tests\CourseManagement.Tests.csproj", "{C0FBCCE4-DEC3-48A4-A1BF-AEC47ACCE6D7}"
EndProject
Global
	GlobalSection(SolutionConfigurationPlatforms) = preSolution
		Debug|Any CPU = Debug|Any CPU
		Release|Any CPU = Release|Any CPU
	EndGlobalSection
	GlobalSection(ProjectConfigurationPlatforms) = postSolution
		{B3644B70-0920-4DAA-9622-386B04FA2E2A}.Debug|Any CPU.ActiveCfg = Debug|Any CPU
		{B3644B70-0920-4DAA-9622-386B04FA2E2A}.Debug|Any CPU.Build.0 = Debug|Any CPU
		{B3644B70-0920-4DAA-9622-386B04FA2E2A}.Release|Any CPU.ActiveCfg = Release|Any CPU
		{B3644B70-0920-4DAA-9622-386B04FA2E2A}.Release|Any CPU.Build.0 = Release|Any CPU
		{D39ADBBD-6A95-403D-890F-91CCB67AE0B1}.Debug|Any CPU.ActiveCfg = Debug|Any CPU
		{D39ADBBD-6A95-403D-890F-91CCB67AE0B1}.Debug|Any CPU.Build.0 = Debug|Any CPU
		{D39ADBBD-6A95-403D-890F-91CCB67AE0B1}.Release|Any CPU.ActiveCfg = Release|Any CPU
		{D39ADBBD-6A95-403D-890F-91CCB67AE0B1}.Release|Any CPU.Build.0 = Release|Any CPU
		{7ED19B24-DEF5-4F71-9DA0-69B5295A9E8B}.Debug|Any CPU.ActiveCfg = Debug|Any CPU
		{7ED19B24-DEF5-4F71-9DA0-69B5295A9E8B}.Debug|Any CPU.Build.0 = Debug|Any CPU
		{7ED19B24-DEF5-4F71-9DA0-69B5295A9E8B}.Release|Any CPU.ActiveCfg = Release|Any CPU
		{7ED19B24-DEF5-4F71-9DA0-69B5295A9E8B}.Release|Any CPU.Build.0 = Release|Any CPU
		{10BE82C8-C359-453F-86F6-9A572FC88FCC}.Debug|Any CPU.ActiveCfg = Debug|Any CPU
		{10BE82C8-C359-453F-86F6-9A572FC88FCC}.Debug|Any CPU.Build.0 = Debug|Any CPU
		{10BE82C8-C359-453F-86F6-9A572FC88FCC}.Release|Any CPU.ActiveCfg = Release|Any CPU
		{10BE82C8-C359-453F-86F6-9A572FC88FCC}.Release|Any CPU.Build.0 = Release|Any CPU
		{6E965132-3975-4500-AFEC-31252DFF2EC6}.Debug|Any CPU.ActiveCfg = Debug|Any CPU
		{6E965132-3975-4500-AFEC-31252DFF2EC6}.Debug|Any CPU.Build.0 = Debug|Any CPU
		{6E965132-3975-4500-AFEC-31252DFF2EC6}.Release|Any CPU.ActiveCfg = Release|Any CPU
		{6E965132-3975-4500-AFEC-31252DFF2EC6}.Release|Any CPU.Build.0 = Release|Any CPU
		{71F8D27F-709C-4642-8B18-437C15035C4F}.Debug|Any CPU.ActiveCfg = Debug|Any CPU
		{71F8D27F-709C-4642-8B18-437C15035C4F}.Debug|Any CPU.Build.0 = Debug|Any CPU
		{71F8D27F-709C-4642-8B18-437C15035C4F}.Release|Any CPU.ActiveCfg = Release|Any CPU
		{71F8D27F-709C-4642-8B18-437C15035C4F}.Release|Any CPU.Build.0 = Release|Any CPU
		{0BDC46F0-86B3-4063-868B-3DA85F48FE02}.Debug|Any CPU.ActiveCfg = Debug|Any CPU
		{0BDC46F0-86B3-4063-868B-3DA85F48FE02}.Debug|Any CPU.Build.0 = Debug|Any CPU
		{0BDC46F0-86B3-4063-868B-3DA85F48FE02}.Release|Any CPU.ActiveCfg = Release|Any CPU
		{0BDC46F0-86B3-4063-868B-3DA85F48FE02}.Release|Any CPU.Build.0 = Release|Any CPU
		{D8174170-DC45-46BE-8D0A-51A7B35F1744}.Debug|Any CPU.ActiveCfg = Debug|Any CPU
		{D8174170-DC45-46BE-8D0A-51A7B35F1744}.Debug|Any CPU.Build.0 = Debug|Any CPU
		{D8174170-DC45-46BE-8D0A-51A7B35F1744}.Release|Any CPU.ActiveCfg = Release|Any CPU
		{D8174170-DC45-46BE-8D0A-51A7B35F1744}.Release|Any CPU.Build.0 = Release|Any CPU
		{390BC7E6-6437-4EC5-B423-AF0B1C4BA98E}.Debug|Any CPU.ActiveCfg = Debug|Any CPU
		{390BC7E6-6437-4EC5-B423-AF0B1C4BA98E}.Debug|Any CPU.Build.0 = Debug|Any CPU
		{390BC7E6-6437-4EC5-B423-AF0B1C4BA98E}.Release|Any CPU.ActiveCfg = Release|Any CPU
		{390BC7E6-6437-4EC5-B423-AF0B1C4BA98E}.Release|Any CPU.Build.0 = Release|Any CPU
		{08C23273-B1F8-4E31-B423-4EE6B7A68403}.Debug|Any CPU.ActiveCfg = Debug|Any CPU
		{08C23273-B1F8-4E31-B423-4EE6B7A68403}.Debug|Any CPU.Build.0 = Debug|Any CPU
		{08C23273-B1F8-4E31-B423-4EE6B7A68403}.Release|Any CPU.ActiveCfg = Release|Any CPU
		{08C23273-B1F8-4E31-B423-4EE6B7A68403}.Release|Any CPU.Build.0 = Release|Any CPU
		{6847D268-1E96-4F9F-811A-DD301844D89E}.Debug|Any CPU.ActiveCfg = Debug|Any CPU
		{6847D268-1E96-4F9F-811A-DD301844D89E}.Debug|Any CPU.Build.0 = Debug|Any CPU
		{6847D268-1E96-4F9F-811A-DD301844D89E}.Release|Any CPU.ActiveCfg = Release|Any CPU
		{6847D268-1E96-4F9F-811A-DD301844D89E}.Release|Any CPU.Build.0 = Release|Any CPU
		{C978B023-9BCB-4E71-A5AA-2C2675A3A817}.Debug|Any CPU.ActiveCfg = Debug|Any CPU
		{C978B023-9BCB-4E71-A5AA-2C2675A3A817}.Debug|Any CPU.Build.0 = Debug|Any CPU
		{C978B023-9BCB-4E71-A5AA-2C2675A3A817}.Release|Any CPU.ActiveCfg = Release|Any CPU
		{C978B023-9BCB-4E71-A5AA-2C2675A3A817}.Release|Any CPU.Build.0 = Release|Any CPU
		{C8FBD85D-22F9-4684-B7CF-8E0CF745CD0A}.Debug|Any CPU.ActiveCfg = Debug|Any CPU
		{C8FBD85D-22F9-4684-B7CF-8E0CF745CD0A}.Debug|Any CPU.Build.0 = Debug|Any CPU
		{C8FBD85D-22F9-4684-B7CF-8E0CF745CD0A}.Release|Any CPU.ActiveCfg = Release|Any CPU
		{C8FBD85D-22F9-4684-B7CF-8E0CF745CD0A}.Release|Any CPU.Build.0 = Release|Any CPU
		{2AA83E1F-F33D-4CF6-A03B-AD809897203A}.Debug|Any CPU.ActiveCfg = Debug|Any CPU
		{2AA83E1F-F33D-4CF6-A03B-AD809897203A}.Debug|Any CPU.Build.0 = Debug|Any CPU
		{2AA83E1F-F33D-4CF6-A03B-AD809897203A}.Release|Any CPU.ActiveCfg = Release|Any CPU
		{2AA83E1F-F33D-4CF6-A03B-AD809897203A}.Release|Any CPU.Build.0 = Release|Any CPU
		{1807D0EF-9220-489D-A178-411A83E7ADFD}.Debug|Any CPU.ActiveCfg = Debug|Any CPU
		{1807D0EF-9220-489D-A178-411A83E7ADFD}.Debug|Any CPU.Build.0 = Debug|Any CPU
		{1807D0EF-9220-489D-A178-411A83E7ADFD}.Release|Any CPU.ActiveCfg = Release|Any CPU
		{1807D0EF-9220-489D-A178-411A83E7ADFD}.Release|Any CPU.Build.0 = Release|Any CPU
		{FB124517-10CB-4F8B-8103-6BA87CAFC299}.Debug|Any CPU.ActiveCfg = Debug|Any CPU
		{FB124517-10CB-4F8B-8103-6BA87CAFC299}.Debug|Any CPU.Build.0 = Debug|Any CPU
		{FB124517-10CB-4F8B-8103-6BA87CAFC299}.Release|Any CPU.ActiveCfg = Release|Any CPU
		{FB124517-10CB-4F8B-8103-6BA87CAFC299}.Release|Any CPU.Build.0 = Release|Any CPU
		{97E1CE4D-AC0F-4043-90F7-6A7D759E1B9F}.Debug|Any CPU.ActiveCfg = Debug|Any CPU
		{97E1CE4D-AC0F-4043-90F7-6A7D759E1B9F}.Debug|Any CPU.Build.0 = Debug|Any CPU
		{97E1CE4D-AC0F-4043-90F7-6A7D759E1B9F}.Release|Any CPU.ActiveCfg = Release|Any CPU
		{97E1CE4D-AC0F-4043-90F7-6A7D759E1B9F}.Release|Any CPU.Build.0 = Release|Any CPU
		{7B892557-2DE5-4E25-806F-4B77F41AFE2B}.Debug|Any CPU.ActiveCfg = Debug|Any CPU
		{7B892557-2DE5-4E25-806F-4B77F41AFE2B}.Debug|Any CPU.Build.0 = Debug|Any CPU
		{7B892557-2DE5-4E25-806F-4B77F41AFE2B}.Release|Any CPU.ActiveCfg = Release|Any CPU
		{7B892557-2DE5-4E25-806F-4B77F41AFE2B}.Release|Any CPU.Build.0 = Release|Any CPU
		{BB212885-EB16-41B0-B77A-514935384836}.Debug|Any CPU.ActiveCfg = Debug|Any CPU
		{BB212885-EB16-41B0-B77A-514935384836}.Debug|Any CPU.Build.0 = Debug|Any CPU
		{BB212885-EB16-41B0-B77A-514935384836}.Release|Any CPU.ActiveCfg = Release|Any CPU
		{BB212885-EB16-41B0-B77A-514935384836}.Release|Any CPU.Build.0 = Release|Any CPU
		{79E94EA8-D9A4-4FEB-B6E4-5524315AE9CD}.Debug|Any CPU.ActiveCfg = Debug|Any CPU
		{79E94EA8-D9A4-4FEB-B6E4-5524315AE9CD}.Debug|Any CPU.Build.0 = Debug|Any CPU
		{79E94EA8-D9A4-4FEB-B6E4-5524315AE9CD}.Release|Any CPU.ActiveCfg = Release|Any CPU
		{79E94EA8-D9A4-4FEB-B6E4-5524315AE9CD}.Release|Any CPU.Build.0 = Release|Any CPU
		{0BBC9F4C-32F2-40B7-B8FC-131DB5D0877C}.Debug|Any CPU.ActiveCfg = Debug|Any CPU
		{0BBC9F4C-32F2-40B7-B8FC-131DB5D0877C}.Debug|Any CPU.Build.0 = Debug|Any CPU
		{0BBC9F4C-32F2-40B7-B8FC-131DB5D0877C}.Release|Any CPU.ActiveCfg = Release|Any CPU
		{0BBC9F4C-32F2-40B7-B8FC-131DB5D0877C}.Release|Any CPU.Build.0 = Release|Any CPU
		{5A507BB4-8A5A-460B-B0D3-2EE23B8ACE72}.Debug|Any CPU.ActiveCfg = Debug|Any CPU
		{5A507BB4-8A5A-460B-B0D3-2EE23B8ACE72}.Debug|Any CPU.Build.0 = Debug|Any CPU
		{5A507BB4-8A5A-460B-B0D3-2EE23B8ACE72}.Release|Any CPU.ActiveCfg = Release|Any CPU
		{5A507BB4-8A5A-460B-B0D3-2EE23B8ACE72}.Release|Any CPU.Build.0 = Release|Any CPU
		{EF364FF4-5867-4EB5-B0BA-CC65115EC9CC}.Debug|Any CPU.ActiveCfg = Debug|Any CPU
		{EF364FF4-5867-4EB5-B0BA-CC65115EC9CC}.Debug|Any CPU.Build.0 = Debug|Any CPU
		{EF364FF4-5867-4EB5-B0BA-CC65115EC9CC}.Release|Any CPU.ActiveCfg = Release|Any CPU
		{EF364FF4-5867-4EB5-B0BA-CC65115EC9CC}.Release|Any CPU.Build.0 = Release|Any CPU
		{F5A56C32-C9BD-40DD-A377-721C61ED7D7B}.Debug|Any CPU.ActiveCfg = Debug|Any CPU
		{F5A56C32-C9BD-40DD-A377-721C61ED7D7B}.Debug|Any CPU.Build.0 = Debug|Any CPU
		{F5A56C32-C9BD-40DD-A377-721C61ED7D7B}.Release|Any CPU.ActiveCfg = Release|Any CPU
		{F5A56C32-C9BD-40DD-A377-721C61ED7D7B}.Release|Any CPU.Build.0 = Release|Any CPU
		{C0FBCCE4-DEC3-48A4-A1BF-AEC47ACCE6D7}.Debug|Any CPU.ActiveCfg = Debug|Any CPU
		{C0FBCCE4-DEC3-48A4-A1BF-AEC47ACCE6D7}.Debug|Any CPU.Build.0 = Debug|Any CPU
		{C0FBCCE4-DEC3-48A4-A1BF-AEC47ACCE6D7}.Release|Any CPU.ActiveCfg = Release|Any CPU
		{C0FBCCE4-DEC3-48A4-A1BF-AEC47ACCE6D7}.Release|Any CPU.Build.0 = Release|Any CPU
	EndGlobalSection
	GlobalSection(SolutionProperties) = preSolution
		HideSolutionNode = FALSE
	EndGlobalSection
	GlobalSection(NestedProjects) = preSolution
		{BC7E7C56-8612-4211-A8E6-AC6F948EB230} = {3B6D50F4-C121-4C0B-A455-7AF5F554D5F6}
		{24F21F7A-E161-47EE-8B95-70B269BF9E04} = {3B6D50F4-C121-4C0B-A455-7AF5F554D5F6}
		{8F9B2643-75C3-40C1-BE5A-DF826C8B16F3} = {3B6D50F4-C121-4C0B-A455-7AF5F554D5F6}
		{005B1AEC-1AE0-4810-B78F-031504BB0E87} = {8F9B2643-75C3-40C1-BE5A-DF826C8B16F3}
		{8D6B628B-2B5E-4C70-A3B8-085F6FA8D4BB} = {8F9B2643-75C3-40C1-BE5A-DF826C8B16F3}
		{747D5EED-6A8A-4795-BE50-AA7A314A385C} = {BC7E7C56-8612-4211-A8E6-AC6F948EB230}
		{4D0CEC13-BF77-4AF9-9C32-D7C7A9441D05} = {BC7E7C56-8612-4211-A8E6-AC6F948EB230}
		{3DD225DB-B267-4C46-BAFB-F1192713BF94} = {BC7E7C56-8612-4211-A8E6-AC6F948EB230}
		{2FC3F83E-2626-48D4-922C-45BC9FC6374B} = {BC7E7C56-8612-4211-A8E6-AC6F948EB230}
		{F6BC53A8-BAEF-4F22-98F5-B49AD58E65DD} = {8F9B2643-75C3-40C1-BE5A-DF826C8B16F3}
		{B1940E31-598C-4B37-B7EE-626316C8E25F} = {3B6D50F4-C121-4C0B-A455-7AF5F554D5F6}
		{263C9E93-476D-42C2-B154-150FB6D107F3} = {B1940E31-598C-4B37-B7EE-626316C8E25F}
		{B3644B70-0920-4DAA-9622-386B04FA2E2A} = {263C9E93-476D-42C2-B154-150FB6D107F3}
		{95957B00-7C5C-4B3B-9305-D1D90EDA9D0E} = {B1940E31-598C-4B37-B7EE-626316C8E25F}
		{D39ADBBD-6A95-403D-890F-91CCB67AE0B1} = {95957B00-7C5C-4B3B-9305-D1D90EDA9D0E}
		{7ED19B24-DEF5-4F71-9DA0-69B5295A9E8B} = {263C9E93-476D-42C2-B154-150FB6D107F3}
		{7BCDF1AF-F6DF-478F-8B33-288111B9754D} = {B1940E31-598C-4B37-B7EE-626316C8E25F}
		{10BE82C8-C359-453F-86F6-9A572FC88FCC} = {7BCDF1AF-F6DF-478F-8B33-288111B9754D}
		{AB95C982-81D7-4A2A-9047-C6AF817CF587} = {8F9B2643-75C3-40C1-BE5A-DF826C8B16F3}
		{6E965132-3975-4500-AFEC-31252DFF2EC6} = {AB95C982-81D7-4A2A-9047-C6AF817CF587}
		{71F8D27F-709C-4642-8B18-437C15035C4F} = {8D6B628B-2B5E-4C70-A3B8-085F6FA8D4BB}
		{0BDC46F0-86B3-4063-868B-3DA85F48FE02} = {F6BC53A8-BAEF-4F22-98F5-B49AD58E65DD}
		{C9F3642D-1451-46D5-B183-03CD5313BB6E} = {24F21F7A-E161-47EE-8B95-70B269BF9E04}
		{940BFC3E-F46A-497A-A086-7C6E531F5F50} = {24F21F7A-E161-47EE-8B95-70B269BF9E04}
		{E327233E-6390-4A4D-8EAC-AE73214DDF69} = {24F21F7A-E161-47EE-8B95-70B269BF9E04}
		{1F519A8F-9CC0-48D6-973B-E21DB19C2279} = {24F21F7A-E161-47EE-8B95-70B269BF9E04}
		{D8174170-DC45-46BE-8D0A-51A7B35F1744} = {3B6D50F4-C121-4C0B-A455-7AF5F554D5F6}
		{390BC7E6-6437-4EC5-B423-AF0B1C4BA98E} = {005B1AEC-1AE0-4810-B78F-031504BB0E87}
		{08C23273-B1F8-4E31-B423-4EE6B7A68403} = {F22DB89D-E00B-467F-8D8B-95BA8D277E22}
		{6847D268-1E96-4F9F-811A-DD301844D89E} = {F22DB89D-E00B-467F-8D8B-95BA8D277E22}
		{C978B023-9BCB-4E71-A5AA-2C2675A3A817} = {2BECF94B-4C3B-4A78-B387-1822796B8306}
		{C8FBD85D-22F9-4684-B7CF-8E0CF745CD0A} = {E0241BB0-B36F-43C5-9B02-626C75AE8DB4}
		{2AA83E1F-F33D-4CF6-A03B-AD809897203A} = {CBAD2155-3C82-4ABA-AA36-655DC75DC253}
		{1807D0EF-9220-489D-A178-411A83E7ADFD} = {C9F3642D-1451-46D5-B183-03CD5313BB6E}
		{FB124517-10CB-4F8B-8103-6BA87CAFC299} = {940BFC3E-F46A-497A-A086-7C6E531F5F50}
		{97E1CE4D-AC0F-4043-90F7-6A7D759E1B9F} = {E327233E-6390-4A4D-8EAC-AE73214DDF69}
		{7B892557-2DE5-4E25-806F-4B77F41AFE2B} = {1F519A8F-9CC0-48D6-973B-E21DB19C2279}
		{BB212885-EB16-41B0-B77A-514935384836} = {C9F3642D-1451-46D5-B183-03CD5313BB6E}
		{79E94EA8-D9A4-4FEB-B6E4-5524315AE9CD} = {3D0BC0C0-D542-4883-8298-B902E1B2F256}
		{2BECF94B-4C3B-4A78-B387-1822796B8306} = {CBAD2155-3C82-4ABA-AA36-655DC75DC253}
		{E0241BB0-B36F-43C5-9B02-626C75AE8DB4} = {CBAD2155-3C82-4ABA-AA36-655DC75DC253}
		{3D0BC0C0-D542-4883-8298-B902E1B2F256} = {CBAD2155-3C82-4ABA-AA36-655DC75DC253}
		{0BBC9F4C-32F2-40B7-B8FC-131DB5D0877C} = {4D0CEC13-BF77-4AF9-9C32-D7C7A9441D05}
		{5A507BB4-8A5A-460B-B0D3-2EE23B8ACE72} = {4D0CEC13-BF77-4AF9-9C32-D7C7A9441D05}
		{EF364FF4-5867-4EB5-B0BA-CC65115EC9CC} = {747D5EED-6A8A-4795-BE50-AA7A314A385C}
		{F5A56C32-C9BD-40DD-A377-721C61ED7D7B} = {3DD225DB-B267-4C46-BAFB-F1192713BF94}
		{C0FBCCE4-DEC3-48A4-A1BF-AEC47ACCE6D7} = {2FC3F83E-2626-48D4-922C-45BC9FC6374B}
	EndGlobalSection
	GlobalSection(ExtensibilityGlobals) = postSolution
		SolutionGuid = {7FAC96E9-9A78-4A92-9FFD-7895F2F57E17}
	EndGlobalSection
EndGlobal
